
Microsoft Visual Studio Solution File, Format Version 12.00
# Visual Studio Version 16
VisualStudioVersion = 16.0.30309.148
MinimumVisualStudioVersion = 10.0.40219.1
Project("{2150E333-8FDC-42A3-9474-1A3956D46DE8}") = "Common", "Common", "{34225FF8-6C8B-4B91-BA88-16B866695BAC}"
EndProject
Project("{2150E333-8FDC-42A3-9474-1A3956D46DE8}") = "DB", "DB", "{B81AA399-D324-47CE-94EC-1D663061B33C}"
EndProject
Project("{2150E333-8FDC-42A3-9474-1A3956D46DE8}") = "UI", "UI", "{BCFE666A-DDDE-449B-9AEB-BDB3820887FA}"
EndProject
Project("{2150E333-8FDC-42A3-9474-1A3956D46DE8}") = "API", "API", "{0BF4BB2B-5904-4C3A-B2BF-D31B0C3112DE}"
EndProject
Project("{2150E333-8FDC-42A3-9474-1A3956D46DE8}") = "BLL", "BLL", "{46DB8F39-6CF7-4BDF-945B-64FDA79EC82A}"
EndProject
Project("{2150E333-8FDC-42A3-9474-1A3956D46DE8}") = "DAL", "DAL", "{1EE3FCC1-AEC4-481E-98B9-B17AF3766D26}"
EndProject
Project("{9A19103F-16F7-4668-BE54-9A1E7A4F7556}") = "Library", "Library\Library.csproj", "{61BEDB35-0E56-4390-BCD7-27B853B4B92B}"
EndProject
Project("{9A19103F-16F7-4668-BE54-9A1E7A4F7556}") = "Model", "Model\Model.csproj", "{8E4002D3-EFEF-4C60-8164-823B03F8F8CA}"
EndProject
Project("{9A19103F-16F7-4668-BE54-9A1E7A4F7556}") = "IService", "IService\IService.csproj", "{E43EE23A-8CA8-4031-A298-B3099E0CBCF0}"
EndProject
Project("{9A19103F-16F7-4668-BE54-9A1E7A4F7556}") = "Service", "Service\Service.csproj", "{716704C6-A785-4ACD-BA18-48DB92A86A35}"
EndProject
Project("{9A19103F-16F7-4668-BE54-9A1E7A4F7556}") = "DbAccess", "DbAccess\DbAccess.csproj", "{0A77F19E-1BED-4D95-8FC3-9F94C9FBE756}"
EndProject
Project("{9A19103F-16F7-4668-BE54-9A1E7A4F7556}") = "WebAPI", "WebAPI\WebAPI.csproj", "{AED62C41-7998-4D67-8765-615EDB245E3E}"
EndProject
Project("{9092AA53-FB77-4645-B42D-1CCCA6BD08BD}") = "Admin.WebUI", "Admin.WebUI\Admin.WebUI.njsproj", "{5F5BCBE0-CE6A-4ADB-A033-D4B00C20133D}"
EndProject
Project("{FAE04EC0-301F-11D3-BF4B-00C04F79EFBC}") = "Blog.WebUI", "Blog.WebUI\Blog.WebUI.csproj", "{0D9BD21E-AAFF-46C4-9D13-D6CB59CB2602}"
EndProject
Global
	GlobalSection(SolutionConfigurationPlatforms) = preSolution
		Debug|Any CPU = Debug|Any CPU
		Release|Any CPU = Release|Any CPU
	EndGlobalSection
	GlobalSection(ProjectConfigurationPlatforms) = postSolution
		{61BEDB35-0E56-4390-BCD7-27B853B4B92B}.Debug|Any CPU.ActiveCfg = Debug|Any CPU
		{61BEDB35-0E56-4390-BCD7-27B853B4B92B}.Debug|Any CPU.Build.0 = Debug|Any CPU
		{61BEDB35-0E56-4390-BCD7-27B853B4B92B}.Release|Any CPU.ActiveCfg = Release|Any CPU
		{61BEDB35-0E56-4390-BCD7-27B853B4B92B}.Release|Any CPU.Build.0 = Release|Any CPU
		{8E4002D3-EFEF-4C60-8164-823B03F8F8CA}.Debug|Any CPU.ActiveCfg = Debug|Any CPU
		{8E4002D3-EFEF-4C60-8164-823B03F8F8CA}.Debug|Any CPU.Build.0 = Debug|Any CPU
		{8E4002D3-EFEF-4C60-8164-823B03F8F8CA}.Release|Any CPU.ActiveCfg = Release|Any CPU
		{8E4002D3-EFEF-4C60-8164-823B03F8F8CA}.Release|Any CPU.Build.0 = Release|Any CPU
		{E43EE23A-8CA8-4031-A298-B3099E0CBCF0}.Debug|Any CPU.ActiveCfg = Debug|Any CPU
		{E43EE23A-8CA8-4031-A298-B3099E0CBCF0}.Debug|Any CPU.Build.0 = Debug|Any CPU
		{E43EE23A-8CA8-4031-A298-B3099E0CBCF0}.Release|Any CPU.ActiveCfg = Release|Any CPU
		{E43EE23A-8CA8-4031-A298-B3099E0CBCF0}.Release|Any CPU.Build.0 = Release|Any CPU
		{716704C6-A785-4ACD-BA18-48DB92A86A35}.Debug|Any CPU.ActiveCfg = Debug|Any CPU
		{716704C6-A785-4ACD-BA18-48DB92A86A35}.Debug|Any CPU.Build.0 = Debug|Any CPU
		{716704C6-A785-4ACD-BA18-48DB92A86A35}.Release|Any CPU.ActiveCfg = Release|Any CPU
		{716704C6-A785-4ACD-BA18-48DB92A86A35}.Release|Any CPU.Build.0 = Release|Any CPU
		{0A77F19E-1BED-4D95-8FC3-9F94C9FBE756}.Debug|Any CPU.ActiveCfg = Debug|Any CPU
		{0A77F19E-1BED-4D95-8FC3-9F94C9FBE756}.Debug|Any CPU.Build.0 = Debug|Any CPU
		{0A77F19E-1BED-4D95-8FC3-9F94C9FBE756}.Release|Any CPU.ActiveCfg = Release|Any CPU
		{0A77F19E-1BED-4D95-8FC3-9F94C9FBE756}.Release|Any CPU.Build.0 = Release|Any CPU
		{AED62C41-7998-4D67-8765-615EDB245E3E}.Debug|Any CPU.ActiveCfg = Debug|Any CPU
		{AED62C41-7998-4D67-8765-615EDB245E3E}.Debug|Any CPU.Build.0 = Debug|Any CPU
		{AED62C41-7998-4D67-8765-615EDB245E3E}.Release|Any CPU.ActiveCfg = Release|Any CPU
		{AED62C41-7998-4D67-8765-615EDB245E3E}.Release|Any CPU.Build.0 = Release|Any CPU
		{5F5BCBE0-CE6A-4ADB-A033-D4B00C20133D}.Debug|Any CPU.ActiveCfg = Debug|Any CPU
		{5F5BCBE0-CE6A-4ADB-A033-D4B00C20133D}.Debug|Any CPU.Build.0 = Debug|Any CPU
		{5F5BCBE0-CE6A-4ADB-A033-D4B00C20133D}.Release|Any CPU.ActiveCfg = Release|Any CPU
		{5F5BCBE0-CE6A-4ADB-A033-D4B00C20133D}.Release|Any CPU.Build.0 = Release|Any CPU
		{0D9BD21E-AAFF-46C4-9D13-D6CB59CB2602}.Debug|Any CPU.ActiveCfg = Debug|Any CPU
		{0D9BD21E-AAFF-46C4-9D13-D6CB59CB2602}.Debug|Any CPU.Build.0 = Debug|Any CPU
		{0D9BD21E-AAFF-46C4-9D13-D6CB59CB2602}.Release|Any CPU.ActiveCfg = Release|Any CPU
		{0D9BD21E-AAFF-46C4-9D13-D6CB59CB2602}.Release|Any CPU.Build.0 = Release|Any CPU
	EndGlobalSection
	GlobalSection(SolutionProperties) = preSolution
		HideSolutionNode = FALSE
	EndGlobalSection
	GlobalSection(NestedProjects) = preSolution
		{0BF4BB2B-5904-4C3A-B2BF-D31B0C3112DE} = {B81AA399-D324-47CE-94EC-1D663061B33C}
		{46DB8F39-6CF7-4BDF-945B-64FDA79EC82A} = {B81AA399-D324-47CE-94EC-1D663061B33C}
		{1EE3FCC1-AEC4-481E-98B9-B17AF3766D26} = {B81AA399-D324-47CE-94EC-1D663061B33C}
		{61BEDB35-0E56-4390-BCD7-27B853B4B92B} = {34225FF8-6C8B-4B91-BA88-16B866695BAC}
		{8E4002D3-EFEF-4C60-8164-823B03F8F8CA} = {34225FF8-6C8B-4B91-BA88-16B866695BAC}
		{E43EE23A-8CA8-4031-A298-B3099E0CBCF0} = {46DB8F39-6CF7-4BDF-945B-64FDA79EC82A}
		{716704C6-A785-4ACD-BA18-48DB92A86A35} = {46DB8F39-6CF7-4BDF-945B-64FDA79EC82A}
		{0A77F19E-1BED-4D95-8FC3-9F94C9FBE756} = {1EE3FCC1-AEC4-481E-98B9-B17AF3766D26}
		{AED62C41-7998-4D67-8765-615EDB245E3E} = {0BF4BB2B-5904-4C3A-B2BF-D31B0C3112DE}
		{5F5BCBE0-CE6A-4ADB-A033-D4B00C20133D} = {BCFE666A-DDDE-449B-9AEB-BDB3820887FA}
		{0D9BD21E-AAFF-46C4-9D13-D6CB59CB2602} = {BCFE666A-DDDE-449B-9AEB-BDB3820887FA}
	EndGlobalSection
	GlobalSection(ExtensibilityGlobals) = postSolution
		SolutionGuid = {49855A8F-4364-4AE9-9BCC-1985610B6DBA}
	EndGlobalSection
EndGlobal
